
Microsoft Visual Studio Solution File, Format Version 12.00
# Visual Studio Version 17
VisualStudioVersion = 17.9.34714.143
MinimumVisualStudioVersion = 10.0.40219.1
Project("{FAE04EC0-301F-11D3-BF4B-00C04F79EFBC}") = "DiaaReactApp.Server", "DiaaReactApp.Server\DiaaReactApp.Server.csproj", "{20A6020D-86FE-4468-BB76-B1C78691D81F}"
EndProject
Project("{54A90642-561A-4BB1-A94E-469ADEE60C69}") = "diaareactapp.client", "diaareactapp.client\diaareactapp.client.esproj", "{2B8EB7ED-7814-4281-97C3-FBB52143AC28}"
EndProject
Global
	GlobalSection(SolutionConfigurationPlatforms) = preSolution
		Debug|Any CPU = Debug|Any CPU
		Release|Any CPU = Release|Any CPU
	EndGlobalSection
	GlobalSection(ProjectConfigurationPlatforms) = postSolution
		{20A6020D-86FE-4468-BB76-B1C78691D81F}.Debug|Any CPU.ActiveCfg = Debug|Any CPU
		{20A6020D-86FE-4468-BB76-B1C78691D81F}.Debug|Any CPU.Build.0 = Debug|Any CPU
		{20A6020D-86FE-4468-BB76-B1C78691D81F}.Release|Any CPU.ActiveCfg = Release|Any CPU
		{20A6020D-86FE-4468-BB76-B1C78691D81F}.Release|Any CPU.Build.0 = Release|Any CPU
		{2B8EB7ED-7814-4281-97C3-FBB52143AC28}.Debug|Any CPU.ActiveCfg = Debug|Any CPU
		{2B8EB7ED-7814-4281-97C3-FBB52143AC28}.Debug|Any CPU.Build.0 = Debug|Any CPU
		{2B8EB7ED-7814-4281-97C3-FBB52143AC28}.Debug|Any CPU.Deploy.0 = Debug|Any CPU
		{2B8EB7ED-7814-4281-97C3-FBB52143AC28}.Release|Any CPU.ActiveCfg = Release|Any CPU
		{2B8EB7ED-7814-4281-97C3-FBB52143AC28}.Release|Any CPU.Build.0 = Release|Any CPU
		{2B8EB7ED-7814-4281-97C3-FBB52143AC28}.Release|Any CPU.Deploy.0 = Release|Any CPU
	EndGlobalSection
	GlobalSection(SolutionProperties) = preSolution
		HideSolutionNode = FALSE
	EndGlobalSection
	GlobalSection(ExtensibilityGlobals) = postSolution
		SolutionGuid = {C6B08A88-CDD6-47D6-87EE-94AFC049B88C}
	EndGlobalSection
EndGlobal
